{
  "nodes": {
    "am": {
      "inputs": {
        "ferrix": [
          "ferrix"
        ],
        "nixpkgs": [
          "nixpkgs"
        ]
      },
      "locked": {
        "lastModified": 1771676031,
        "narHash": "sha256-3b5N/W5zac/v+jxfo151lJZdiDQRh5yxYxWH+T1FM8g=",
        "owner": "ryanccn",
        "repo": "am",
        "rev": "4da4695c0f9e60f23d0c27f656765602dcc09e38",
        "type": "github"
      },
      "original": {
        "owner": "ryanccn",
        "repo": "am",
        "type": "github"
      }
    },
    "arkencrab": {
      "inputs": {
        "ferrix": [
          "ferrix"
        ],
        "nixpkgs": [
          "nixpkgs"
        ]
      },
      "locked": {
        "lastModified": 1772546948,
        "narHash": "sha256-qMYtdh1USUlrwqUHtbz+lfj2nJFGkN5Go8OXNfWGuJI=",
        "owner": "ryanccn",
        "repo": "arkencrab",
        "rev": "f70875aa59f7aab5e56f252bf96534fe3eb504a9",
        "type": "github"
      },
      "original": {
        "owner": "ryanccn",
        "repo": "arkencrab",
        "type": "github"
      }
    },
    "catppuccin": {
      "inputs": {
        "nixpkgs": [
          "nixpkgs"
        ]
      },
      "locked": {
        "lastModified": 1772153824,
        "narHash": "sha256-T65qXmlcD9qFpPTi+mOXsn4dIkO2N8Ls67nqmuzepv0=",
        "owner": "catppuccin",
        "repo": "nix",
        "rev": "4b0f5b7bf7b3eeb484d49524f3c9791864ab9362",
        "type": "github"
      },
      "original": {
        "owner": "catppuccin",
        "repo": "nix",
        "type": "github"
      }
    },
    "ferrix": {
      "locked": {
        "lastModified": 1768524035,
        "narHash": "sha256-6Py4u7f1I6Xwu+YwKZ9mK6klNNEr1bJy1IIAl0KWr1c=",
        "owner": "ryanccn",
        "repo": "ferrix",
        "rev": "a593189715e72054a223cefda50d1bc3a1107512",
        "type": "github"
      },
      "original": {
        "owner": "ryanccn",
        "repo": "ferrix",
        "type": "github"
      }
    },
    "flake-parts": {
      "inputs": {
        "nixpkgs-lib": [
          "nixpkgs"
        ]
      },
      "locked": {
        "lastModified": 1772408722,
        "narHash": "sha256-rHuJtdcOjK7rAHpHphUb1iCvgkU3GpfvicLMwwnfMT0=",
        "owner": "hercules-ci",
        "repo": "flake-parts",
        "rev": "f20dc5d9b8027381c474144ecabc9034d6a839a3",
        "type": "github"
      },
      "original": {
        "owner": "hercules-ci",
        "repo": "flake-parts",
        "type": "github"
      }
    },
    "home-manager": {
      "inputs": {
        "nixpkgs": [
          "nixpkgs"
        ]
      },
      "locked": {
        "lastModified": 1772516620,
        "narHash": "sha256-2r4cKdqCVlQkvcTcLUMxmsmAYZZxCMd//w/PnDnukTE=",
        "owner": "nix-community",
        "repo": "home-manager",
        "rev": "2b9504d5a0169d4940a312abe2df2c5658db8de9",
        "type": "github"
      },
      "original": {
        "owner": "nix-community",
        "repo": "home-manager",
        "type": "github"
      }
    },
    "moldau": {
      "inputs": {
        "ferrix": [
          "ferrix"
        ],
        "nixpkgs": [
          "nixpkgs"
        ]
      },
      "locked": {
        "lastModified": 1771676012,
        "narHash": "sha256-F4MLEbfpktYEUVyFGW5pmch+GaGlbPrAkBqHuB091lo=",
        "owner": "ryanccn",
        "repo": "moldau",
        "rev": "731a36eb1e77722da3add3b377b861d13b512476",
        "type": "github"
      },
      "original": {
        "owner": "ryanccn",
        "repo": "moldau",
        "type": "github"
      }
    },
    "morlana": {
      "inputs": {
        "ferrix": [
          "ferrix"
        ],
        "nixpkgs": [
          "nixpkgs"
        ]
      },
      "locked": {
        "lastModified": 1771676057,
        "narHash": "sha256-R/vX3svYEtA9ehZ8CTj9lfDO/D918bH38h9cZZpOOuE=",
        "owner": "ryanccn",
        "repo": "morlana",
        "rev": "c5eb2aa8ef01c91ccd3a7bd28cb9d4db04b0ca1e",
        "type": "github"
      },
      "original": {
        "owner": "ryanccn",
        "repo": "morlana",
        "type": "github"
      }
    },
    "nix-darwin": {
      "inputs": {
        "nixpkgs": [
          "nixpkgs"
        ]
      },
      "locked": {
        "lastModified": 1772379624,
        "narHash": "sha256-NG9LLTWlz4YiaTAiRGChbrzbVxBfX+Auq4Ab/SWmk4A=",
        "owner": "nix-darwin",
        "repo": "nix-darwin",
        "rev": "52d061516108769656a8bd9c6e811c677ec5b462",
        "type": "github"
      },
      "original": {
        "owner": "nix-darwin",
        "repo": "nix-darwin",
        "type": "github"
      }
    },
    "nix-index-database": {
      "inputs": {
        "nixpkgs": [
          "nixpkgs"
        ]
      },
      "locked": {
        "lastModified": 1772341813,
        "narHash": "sha256-/PQ0ubBCMj/MVCWEI/XMStn55a8dIKsvztj4ZVLvUrQ=",
        "owner": "nix-community",
        "repo": "nix-index-database",
        "rev": "a2051ff239ce2e8a0148fa7a152903d9a78e854f",
        "type": "github"
      },
      "original": {
        "owner": "nix-community",
        "repo": "nix-index-database",
        "type": "github"
      }
    },
    "nixpkgs": {
      "locked": {
        "lastModified": 1772479524,
        "narHash": "sha256-U+hMRvavBzJYhdWCWGRHCK3bpcKjqTJAnyii3y09uT8=",
        "rev": "4215e62dc2cd3bc705b0a423b9719ff6be378a43",
        "type": "tarball",
        "url": "https://releases.nixos.org/nixpkgs/nixpkgs-26.05pre957146.4215e62dc2cd/nixexprs.tar.xz"
      },
      "original": {
        "type": "tarball",
        "url": "https://channels.nixos.org/nixpkgs-unstable/nixexprs.tar.xz"
      }
    },
    "nrr": {
      "inputs": {
        "ferrix": [
          "ferrix"
        ],
        "nixpkgs": [
          "nixpkgs"
        ]
      },
      "locked": {
        "lastModified": 1768932878,
        "narHash": "sha256-hRPzOsQ7qeJBB4L3wvNd/rQ/vT9pKa9HxQRgIEXFQ2Q=",
        "owner": "ryanccn",
        "repo": "nrr",
        "rev": "7200d0806b7bd9d04224e2beb28b04920a34f465",
        "type": "github"
      },
      "original": {
        "owner": "ryanccn",
        "repo": "nrr",
        "type": "github"
      }
    },
    "nyoom": {
      "inputs": {
        "ferrix": [
          "ferrix"
        ],
        "nixpkgs": [
          "nixpkgs"
        ]
      },
      "locked": {
        "lastModified": 1771676081,
        "narHash": "sha256-XuNwRr749SGiz5QwsavvGp/nztCjeQV5CBE75KeftPU=",
        "owner": "ryanccn",
        "repo": "nyoom",
        "rev": "6c88a713115b1c04f69839c6e25354d3c7c74758",
        "type": "github"
      },
      "original": {
        "owner": "ryanccn",
        "repo": "nyoom",
        "type": "github"
      }
    },
    "root": {
      "inputs": {
        "am": "am",
        "arkencrab": "arkencrab",
        "catppuccin": "catppuccin",
        "ferrix": "ferrix",
        "flake-parts": "flake-parts",
        "home-manager": "home-manager",
        "moldau": "moldau",
        "morlana": "morlana",
        "nix-darwin": "nix-darwin",
        "nix-index-database": "nix-index-database",
        "nixpkgs": "nixpkgs",
        "nrr": "nrr",
        "nyoom": "nyoom",
        "rust-overlay": "rust-overlay",
        "spdx-gen": "spdx-gen"
      }
    },
    "rust-overlay": {
      "inputs": {
        "nixpkgs": [
          "nixpkgs"
        ]
      },
      "locked": {
        "lastModified": 1772507320,
        "narHash": "sha256-GdGXniFvtIfRiakc+ncdQYnoQjKbTCv9Imjfl4ggquI=",
        "owner": "oxalica",
        "repo": "rust-overlay",
        "rev": "1775eafa1879ac098ee436849bc9c3d963206f89",
        "type": "github"
      },
      "original": {
        "owner": "oxalica",
        "repo": "rust-overlay",
        "type": "github"
      }
    },
    "spdx-gen": {
      "inputs": {
        "ferrix": [
          "ferrix"
        ],
        "nixpkgs": [
          "nixpkgs"
        ]
      },
      "locked": {
        "lastModified": 1771675898,
        "narHash": "sha256-ugU+N2KW179YGUckfTw8lVtiFFJ04zMEB10usEER5DU=",
        "owner": "ryanccn",
        "repo": "spdx-gen",
        "rev": "a5c1c8c7c063e8c761eb0f36e7eb5657f50a6129",
        "type": "github"
      },
      "original": {
        "owner": "ryanccn",
        "repo": "spdx-gen",
        "type": "github"
      }
    }
  },
  "root": "root",
  "version": 7
}
