{
  "nodes": {
    "am": {
      "inputs": {
        "nixpkgs": [
          "nixpkgs"
        ]
      },
      "locked": {
        "lastModified": 1699784557,
        "narHash": "sha256-d7oygIOlqNdKT9BmpSaMUVh/jSDn2VDenTINP/zzzKQ=",
        "owner": "ryanccn",
        "repo": "am",
        "rev": "893b26b55d9c702e0273f432ddeb94cd50c4ba24",
        "type": "github"
      },
      "original": {
        "owner": "ryanccn",
        "repo": "am",
        "type": "github"
      }
    },
    "attic": {
      "inputs": {
        "crane": [
          "crane"
        ],
        "flake-compat": [
          "flake-compat"
        ],
        "flake-utils": [
          "flake-utils"
        ],
        "nixpkgs": [
          "nixpkgs"
        ],
        "nixpkgs-stable": [
          "nixpkgs"
        ]
      },
      "locked": {
        "lastModified": 1698258239,
        "narHash": "sha256-qnhoYYIJ0L/P7H/f56lQUEvpzNlXh4sxuHpRERV+B44=",
        "owner": "zhaofengli",
        "repo": "attic",
        "rev": "e9918bc6be268da6fa97af6ced15193d8a0421c0",
        "type": "github"
      },
      "original": {
        "owner": "zhaofengli",
        "repo": "attic",
        "type": "github"
      }
    },
    "catppuccin": {
      "inputs": {
        "home-manager": [
          "home-manager"
        ],
        "nixpkgs": [
          "nixpkgs"
        ]
      },
      "locked": {
        "lastModified": 1699141637,
        "narHash": "sha256-gNW6jw/lzxIYdenbxN7ZPkdEy1dmFFXO206twDemprM=",
        "owner": "Stonks3141",
        "repo": "ctp-nix",
        "rev": "cceb51991e943e15b58d1d2483f93d5025ac1dd8",
        "type": "github"
      },
      "original": {
        "owner": "Stonks3141",
        "repo": "ctp-nix",
        "type": "github"
      }
    },
    "crane": {
      "inputs": {
        "nixpkgs": [
          "nixpkgs"
        ]
      },
      "locked": {
        "lastModified": 1699548976,
        "narHash": "sha256-xnpxms0koM8mQpxIup9JnT0F7GrKdvv0QvtxvRuOYR4=",
        "owner": "ipetkov",
        "repo": "crane",
        "rev": "6849911446e18e520970cc6b7a691e64ee90d649",
        "type": "github"
      },
      "original": {
        "owner": "ipetkov",
        "repo": "crane",
        "type": "github"
      }
    },
    "darwin-custom-icons": {
      "locked": {
        "lastModified": 1693410673,
        "narHash": "sha256-oHw98kktSorqgd73tOskTkE7AfWfNee7QTxJeMkd640=",
        "owner": "ryanccn",
        "repo": "nix-darwin-custom-icons",
        "rev": "347800c2704b4adb76aaf06fbf0be7831431785b",
        "type": "github"
      },
      "original": {
        "owner": "ryanccn",
        "repo": "nix-darwin-custom-icons",
        "type": "github"
      }
    },
    "fenix": {
      "inputs": {
        "nixpkgs": [
          "nixpkgs"
        ],
        "rust-analyzer-src": "rust-analyzer-src"
      },
      "locked": {
        "lastModified": 1699770036,
        "narHash": "sha256-bZmI7ytPAYLpyFNgj5xirDkKuAniOkj1xHdv5aIJ5GM=",
        "owner": "nix-community",
        "repo": "fenix",
        "rev": "81ab0b4f7ae9ebb57daa0edf119c4891806e4d3a",
        "type": "github"
      },
      "original": {
        "owner": "nix-community",
        "repo": "fenix",
        "type": "github"
      }
    },
    "fh": {
      "inputs": {
        "fenix": [
          "fenix"
        ],
        "flake-compat": [
          "flake-compat"
        ],
        "naersk": [
          "naersk"
        ],
        "nixpkgs": [
          "nixpkgs"
        ]
      },
      "locked": {
        "lastModified": 1699734777,
        "narHash": "sha256-O0WcLEtbb5m3RA3LyWbD++fFt0Bk/pP16yhxRb+cGkM=",
        "rev": "9ee4cc0ebb07d15ec31e3d66d943fbd450506abf",
        "revCount": 390,
        "type": "tarball",
        "url": "https://api.flakehub.com/f/pinned/DeterminateSystems/fh/0.1.8/018bc01c-c990-72b1-b599-27e02ab475af/source.tar.gz"
      },
      "original": {
        "type": "tarball",
        "url": "https://flakehub.com/f/DeterminateSystems/fh/0.%2A.tar.gz"
      }
    },
    "flake-compat": {
      "flake": false,
      "locked": {
        "lastModified": 1696426674,
        "narHash": "sha256-kvjfFW7WAETZlt09AgDn1MrtKzP7t90Vf7vypd3OL1U=",
        "owner": "edolstra",
        "repo": "flake-compat",
        "rev": "0f9255e01c2351cc7d116c072cb317785dd33b33",
        "type": "github"
      },
      "original": {
        "owner": "edolstra",
        "repo": "flake-compat",
        "type": "github"
      }
    },
    "flake-utils": {
      "inputs": {
        "systems": "systems"
      },
      "locked": {
        "lastModified": 1694529238,
        "narHash": "sha256-zsNZZGTGnMOf9YpHKJqMSsa0dXbfmxeoJ7xHlrt+xmY=",
        "owner": "numtide",
        "repo": "flake-utils",
        "rev": "ff7b65b44d01cf9ba6a71320833626af21126384",
        "type": "github"
      },
      "original": {
        "owner": "numtide",
        "repo": "flake-utils",
        "type": "github"
      }
    },
    "home-manager": {
      "inputs": {
        "nixpkgs": [
          "nixpkgs"
        ]
      },
      "locked": {
        "lastModified": 1699783872,
        "narHash": "sha256-4zTwLT2LL45Nmo6iwKB3ls3hWodVP9DiSWxki/oewWE=",
        "owner": "nix-community",
        "repo": "home-manager",
        "rev": "280721186ab75a76537713ec310306f0eba3e407",
        "type": "github"
      },
      "original": {
        "owner": "nix-community",
        "repo": "home-manager",
        "type": "github"
      }
    },
    "naersk": {
      "inputs": {
        "nixpkgs": [
          "nixpkgs"
        ]
      },
      "locked": {
        "lastModified": 1698420672,
        "narHash": "sha256-/TdeHMPRjjdJub7p7+w55vyABrsJlt5QkznPYy55vKA=",
        "owner": "nix-community",
        "repo": "naersk",
        "rev": "aeb58d5e8faead8980a807c840232697982d47b9",
        "type": "github"
      },
      "original": {
        "owner": "nix-community",
        "repo": "naersk",
        "type": "github"
      }
    },
    "nish": {
      "inputs": {
        "nixpkgs": [
          "nixpkgs"
        ]
      },
      "locked": {
        "lastModified": 1694420535,
        "narHash": "sha256-dbFegxUbjyfgqE7WLU/ixPfNszov0cGjxqIA1wlatXI=",
        "owner": "ryanccn",
        "repo": "nish",
        "rev": "cd74ffc6ded40715af06ee4aa72d4810e0d38d5e",
        "type": "github"
      },
      "original": {
        "owner": "ryanccn",
        "repo": "nish",
        "type": "github"
      }
    },
    "nix-darwin": {
      "inputs": {
        "nixpkgs": [
          "nixpkgs"
        ]
      },
      "locked": {
        "lastModified": 1699704228,
        "narHash": "sha256-NApWG385goidsXmsakWgFRjvbH+aw/n1CGGHn/UuXsc=",
        "owner": "LnL7",
        "repo": "nix-darwin",
        "rev": "0f1ad801387445fdda01d080db8ecf169be8e793",
        "type": "github"
      },
      "original": {
        "owner": "LnL7",
        "repo": "nix-darwin",
        "type": "github"
      }
    },
    "nixpkgs": {
      "locked": {
        "lastModified": 1699601893,
        "narHash": "sha256-9f008k1k5SmEAO1ldjO5sQf+oWHFkeK5jhS3Ji3vFyk=",
        "owner": "NixOS",
        "repo": "nixpkgs",
        "rev": "e06c716ef149f466f25e62a836c30b90476e65e5",
        "type": "github"
      },
      "original": {
        "owner": "NixOS",
        "ref": "nixpkgs-unstable",
        "repo": "nixpkgs",
        "type": "github"
      }
    },
    "nyoom": {
      "inputs": {
        "nixpkgs": [
          "nixpkgs"
        ]
      },
      "locked": {
        "lastModified": 1695906663,
        "narHash": "sha256-6gC3C0sYD9p706XZjRXvrCyH2x5vpLUKehxvbnHKZec=",
        "rev": "3bde992e4dd222078ce068a9313a86ff9bafab6e",
        "revCount": 130,
        "type": "tarball",
        "url": "https://api.flakehub.com/f/pinned/ryanccn/nyoom/0.7.1/018adbea-d60d-75ac-bc20-1696443d69c5/source.tar.gz"
      },
      "original": {
        "type": "tarball",
        "url": "https://flakehub.com/f/ryanccn/nyoom/0.%2A.tar.gz"
      }
    },
    "root": {
      "inputs": {
        "am": "am",
        "attic": "attic",
        "catppuccin": "catppuccin",
        "crane": "crane",
        "darwin-custom-icons": "darwin-custom-icons",
        "fenix": "fenix",
        "fh": "fh",
        "flake-compat": "flake-compat",
        "flake-utils": "flake-utils",
        "home-manager": "home-manager",
        "naersk": "naersk",
        "nish": "nish",
        "nix-darwin": "nix-darwin",
        "nixpkgs": "nixpkgs",
        "nyoom": "nyoom",
        "rust-overlay": "rust-overlay"
      }
    },
    "rust-analyzer-src": {
      "flake": false,
      "locked": {
        "lastModified": 1699715108,
        "narHash": "sha256-yPozsobJU55gj+szgo4Lpcg1lHvGQYAT6Y4MrC80mWE=",
        "owner": "rust-lang",
        "repo": "rust-analyzer",
        "rev": "5fcf5289e726785d20d3aa4d13d90a43ed248e83",
        "type": "github"
      },
      "original": {
        "owner": "rust-lang",
        "ref": "nightly",
        "repo": "rust-analyzer",
        "type": "github"
      }
    },
    "rust-overlay": {
      "inputs": {
        "flake-utils": [
          "flake-utils"
        ],
        "nixpkgs": [
          "nixpkgs"
        ]
      },
      "locked": {
        "lastModified": 1699755324,
        "narHash": "sha256-DJBtQB5VIUXJZwVrhgkKOH8g2wTJFHe+5Dc2oJjpcNs=",
        "owner": "oxalica",
        "repo": "rust-overlay",
        "rev": "d15b1b2be8daba77c80ee6716616e5c841d3ab14",
        "type": "github"
      },
      "original": {
        "owner": "oxalica",
        "repo": "rust-overlay",
        "type": "github"
      }
    },
    "systems": {
      "locked": {
        "lastModified": 1681028828,
        "narHash": "sha256-Vy1rq5AaRuLzOxct8nz4T6wlgyUR7zLU309k9mBC768=",
        "owner": "nix-systems",
        "repo": "default",
        "rev": "da67096a3b9bf56a91d16901293e51ba5b49a27e",
        "type": "github"
      },
      "original": {
        "owner": "nix-systems",
        "repo": "default",
        "type": "github"
      }
    }
  },
  "root": "root",
  "version": 7
}
